
Microsoft Visual Studio Solution File, Format Version 12.00
# Visual Studio Version 17
VisualStudioVersion = 17.11.35219.272
MinimumVisualStudioVersion = 10.0.40219.1
Project("{FAE04EC0-301F-11D3-BF4B-00C04F79EFBC}") = "ReactWithASP.Server", "ReactWithASP.Server\ReactWithASP.Server.csproj", "{E806EDD3-54F0-4B59-AEC7-A18EF577C546}"
EndProject
Project("{54A90642-561A-4BB1-A94E-469ADEE60C69}") = "reactwithasp.client", "reactwithasp.client\reactwithasp.client.esproj", "{DFD46892-7C1B-4D70-ADEF-89730B210ECF}"
EndProject
Global
	GlobalSection(SolutionConfigurationPlatforms) = preSolution
		Debug|Any CPU = Debug|Any CPU
		Release|Any CPU = Release|Any CPU
	EndGlobalSection
	GlobalSection(ProjectConfigurationPlatforms) = postSolution
		{E806EDD3-54F0-4B59-AEC7-A18EF577C546}.Debug|Any CPU.ActiveCfg = Debug|Any CPU
		{E806EDD3-54F0-4B59-AEC7-A18EF577C546}.Debug|Any CPU.Build.0 = Debug|Any CPU
		{E806EDD3-54F0-4B59-AEC7-A18EF577C546}.Release|Any CPU.ActiveCfg = Release|Any CPU
		{E806EDD3-54F0-4B59-AEC7-A18EF577C546}.Release|Any CPU.Build.0 = Release|Any CPU
		{DFD46892-7C1B-4D70-ADEF-89730B210ECF}.Debug|Any CPU.ActiveCfg = Debug|Any CPU
		{DFD46892-7C1B-4D70-ADEF-89730B210ECF}.Debug|Any CPU.Build.0 = Debug|Any CPU
		{DFD46892-7C1B-4D70-ADEF-89730B210ECF}.Debug|Any CPU.Deploy.0 = Debug|Any CPU
		{DFD46892-7C1B-4D70-ADEF-89730B210ECF}.Release|Any CPU.ActiveCfg = Release|Any CPU
		{DFD46892-7C1B-4D70-ADEF-89730B210ECF}.Release|Any CPU.Build.0 = Release|Any CPU
		{DFD46892-7C1B-4D70-ADEF-89730B210ECF}.Release|Any CPU.Deploy.0 = Release|Any CPU
	EndGlobalSection
	GlobalSection(SolutionProperties) = preSolution
		HideSolutionNode = FALSE
	EndGlobalSection
	GlobalSection(ExtensibilityGlobals) = postSolution
		SolutionGuid = {06ECB826-9BC6-43CC-9B92-77945B339D67}
	EndGlobalSection
EndGlobal
